
Microsoft Visual Studio Solution File, Format Version 12.00
# Visual Studio Version 17
VisualStudioVersion = 17.8.34511.84
MinimumVisualStudioVersion = 10.0.40219.1
Project("{9A19103F-16F7-4668-BE54-9A1E7A4F7556}") = "CourseNet.Web", "CourseNet\CourseNet.Web.csproj", "{57547CBF-B9D5-426F-8DC5-7E4042B23373}"
EndProject
Project("{9A19103F-16F7-4668-BE54-9A1E7A4F7556}") = "CourseNet.Common", "CourseNet.Common\CourseNet.Common.csproj", "{878C9011-B711-4F74-8E2A-94CBD1FE39D7}"
EndProject
Project("{2150E333-8FDC-42A3-9474-1A3956D46DE8}") = "Web", "Web", "{BA798A8F-E999-4C52-A5E4-820784CA9139}"
	ProjectSection(SolutionItems) = preProject
		TextFile1.txt = TextFile1.txt
	EndProjectSection
EndProject
Project("{2150E333-8FDC-42A3-9474-1A3956D46DE8}") = "Data", "Data", "{1F1AB756-A3FB-4B7D-9461-3B6282A92333}"
EndProject
Project("{9A19103F-16F7-4668-BE54-9A1E7A4F7556}") = "CourseNet.Data", "CourseNet.Data\CourseNet.Data.csproj", "{D40BC899-9DDF-42F2-993D-96AF495A2CCA}"
EndProject
Project("{9A19103F-16F7-4668-BE54-9A1E7A4F7556}") = "CourseNet.Data.Models", "CourseNet.Data.Models\CourseNet.Data.Models.csproj", "{045A6E18-F40A-4DBA-BC70-AA0F408C4F17}"
EndProject
Project("{9A19103F-16F7-4668-BE54-9A1E7A4F7556}") = "CourseNet.Web.ViewModels", "CourseNet.Web.ViewModels\CourseNet.Web.ViewModels.csproj", "{3C568510-FBE6-483C-8CCE-8B937722131C}"
EndProject
Project("{2150E333-8FDC-42A3-9474-1A3956D46DE8}") = "Services", "Services", "{E9CA8792-8CF7-4155-AA4A-45039594BB00}"
EndProject
Project("{9A19103F-16F7-4668-BE54-9A1E7A4F7556}") = "CourseNet.Services.Data", "CourseNet.Services.Data\CourseNet.Services.Data.csproj", "{AFE101DA-AA87-4931-87A6-C66D9B087B76}"
EndProject
Project("{9A19103F-16F7-4668-BE54-9A1E7A4F7556}") = "CourseNet.Web.Infrastructure", "CourseNet.Web.Infrastructure\CourseNet.Web.Infrastructure.csproj", "{77C78438-CF66-492C-A148-26426B51B8C5}"
EndProject
Global
	GlobalSection(SolutionConfigurationPlatforms) = preSolution
		Debug|Any CPU = Debug|Any CPU
		Release|Any CPU = Release|Any CPU
	EndGlobalSection
	GlobalSection(ProjectConfigurationPlatforms) = postSolution
		{57547CBF-B9D5-426F-8DC5-7E4042B23373}.Debug|Any CPU.ActiveCfg = Debug|Any CPU
		{57547CBF-B9D5-426F-8DC5-7E4042B23373}.Debug|Any CPU.Build.0 = Debug|Any CPU
		{57547CBF-B9D5-426F-8DC5-7E4042B23373}.Release|Any CPU.ActiveCfg = Release|Any CPU
		{57547CBF-B9D5-426F-8DC5-7E4042B23373}.Release|Any CPU.Build.0 = Release|Any CPU
		{878C9011-B711-4F74-8E2A-94CBD1FE39D7}.Debug|Any CPU.ActiveCfg = Debug|Any CPU
		{878C9011-B711-4F74-8E2A-94CBD1FE39D7}.Debug|Any CPU.Build.0 = Debug|Any CPU
		{878C9011-B711-4F74-8E2A-94CBD1FE39D7}.Release|Any CPU.ActiveCfg = Release|Any CPU
		{878C9011-B711-4F74-8E2A-94CBD1FE39D7}.Release|Any CPU.Build.0 = Release|Any CPU
		{D40BC899-9DDF-42F2-993D-96AF495A2CCA}.Debug|Any CPU.ActiveCfg = Debug|Any CPU
		{D40BC899-9DDF-42F2-993D-96AF495A2CCA}.Debug|Any CPU.Build.0 = Debug|Any CPU
		{D40BC899-9DDF-42F2-993D-96AF495A2CCA}.Release|Any CPU.ActiveCfg = Release|Any CPU
		{D40BC899-9DDF-42F2-993D-96AF495A2CCA}.Release|Any CPU.Build.0 = Release|Any CPU
		{045A6E18-F40A-4DBA-BC70-AA0F408C4F17}.Debug|Any CPU.ActiveCfg = Debug|Any CPU
		{045A6E18-F40A-4DBA-BC70-AA0F408C4F17}.Debug|Any CPU.Build.0 = Debug|Any CPU
		{045A6E18-F40A-4DBA-BC70-AA0F408C4F17}.Release|Any CPU.ActiveCfg = Release|Any CPU
		{045A6E18-F40A-4DBA-BC70-AA0F408C4F17}.Release|Any CPU.Build.0 = Release|Any CPU
		{3C568510-FBE6-483C-8CCE-8B937722131C}.Debug|Any CPU.ActiveCfg = Debug|Any CPU
		{3C568510-FBE6-483C-8CCE-8B937722131C}.Debug|Any CPU.Build.0 = Debug|Any CPU
		{3C568510-FBE6-483C-8CCE-8B937722131C}.Release|Any CPU.ActiveCfg = Release|Any CPU
		{3C568510-FBE6-483C-8CCE-8B937722131C}.Release|Any CPU.Build.0 = Release|Any CPU
		{AFE101DA-AA87-4931-87A6-C66D9B087B76}.Debug|Any CPU.ActiveCfg = Debug|Any CPU
		{AFE101DA-AA87-4931-87A6-C66D9B087B76}.Debug|Any CPU.Build.0 = Debug|Any CPU
		{AFE101DA-AA87-4931-87A6-C66D9B087B76}.Release|Any CPU.ActiveCfg = Release|Any CPU
		{AFE101DA-AA87-4931-87A6-C66D9B087B76}.Release|Any CPU.Build.0 = Release|Any CPU
		{77C78438-CF66-492C-A148-26426B51B8C5}.Debug|Any CPU.ActiveCfg = Debug|Any CPU
		{77C78438-CF66-492C-A148-26426B51B8C5}.Debug|Any CPU.Build.0 = Debug|Any CPU
		{77C78438-CF66-492C-A148-26426B51B8C5}.Release|Any CPU.ActiveCfg = Release|Any CPU
		{77C78438-CF66-492C-A148-26426B51B8C5}.Release|Any CPU.Build.0 = Release|Any CPU
	EndGlobalSection
	GlobalSection(SolutionProperties) = preSolution
		HideSolutionNode = FALSE
	EndGlobalSection
	GlobalSection(NestedProjects) = preSolution
		{57547CBF-B9D5-426F-8DC5-7E4042B23373} = {BA798A8F-E999-4C52-A5E4-820784CA9139}
		{D40BC899-9DDF-42F2-993D-96AF495A2CCA} = {1F1AB756-A3FB-4B7D-9461-3B6282A92333}
		{045A6E18-F40A-4DBA-BC70-AA0F408C4F17} = {1F1AB756-A3FB-4B7D-9461-3B6282A92333}
		{3C568510-FBE6-483C-8CCE-8B937722131C} = {BA798A8F-E999-4C52-A5E4-820784CA9139}
		{AFE101DA-AA87-4931-87A6-C66D9B087B76} = {E9CA8792-8CF7-4155-AA4A-45039594BB00}
		{77C78438-CF66-492C-A148-26426B51B8C5} = {BA798A8F-E999-4C52-A5E4-820784CA9139}
	EndGlobalSection
	GlobalSection(ExtensibilityGlobals) = postSolution
		SolutionGuid = {404C2E6D-1E2C-4B6C-BDAA-18C059DEEFFC}
	EndGlobalSection
EndGlobal
